# This file is automatically @generated by Cargo.
# It is not intended for manual editing.
version = 3

[[package]]
name = "hello_cargo"
version = "0.1.0"
dependencies = [
 "hello_cargo 0.1.0 (registry+https://github.com/rust-lang/crates.io-index)",
]

[[package]]
name = "hello_cargo"
version = "0.1.0"
source = "registry+https://github.com/rust-lang/crates.io-index"
checksum = "149b98a5fd0a22f4cc6635bb95de5078ac19c1a250c99cbb92d91b2f26a8638b"
